GIT
  remote: https://github.com/akodkod/boba.git
  revision: 72191d779333b250fc92ff905c0fa6aed39d799e
  specs:
    boba (0.1.6)
      sorbet-static-and-runtime (>= 0.5)
      tapioca (>= 0.17.10)

GIT
  remote: https://github.com/akodkod/operandi.git
  revision: 8003cbfd863e094f831fd48698123579911201d3
  specs:
    operandi (4.0.0)

GIT
  remote: https://github.com/akodkod/phlex-sorbet.git
  revision: 87e30cee008204ab07ccabb905469228e1303ad5
  specs:
    phlex-sorbet (0.2.0)
      phlex (>= 2.0)
      sorbet-runtime (>= 0.6)
      sorbet-schema (>= 0.9)

GIT
  remote: https://github.com/akodkod/rubocop-sane.git
  revision: 85dcb3b5b27326758f6a993d0bfc8750e69a7c1c
  specs:
    rubocop-sane (1.0.0)
      lint_roller (>= 1.0)
      rubocop (>= 1.48.0, < 2.0)

GEM
  remote: https://rubygems.org/
  specs:
    action_text-trix (2.1.18)
      railties
    actioncable (8.1.3)
      actionpack (= 8.1.3)
      activesupport (= 8.1.3)
      nio4r (~> 2.0)
      websocket-driver (>= 0.6.1)
      zeitwerk (~> 2.6)
    actionmailbox (8.1.3)
      actionpack (= 8.1.3)
      activejob (= 8.1.3)
      activerecord (= 8.1.3)
      activestorage (= 8.1.3)
      activesupport (= 8.1.3)
      mail (>= 2.8.0)
    actionmailer (8.1.3)
      actionpack (= 8.1.3)
      actionview (= 8.1.3)
      activejob (= 8.1.3)
      activesupport (= 8.1.3)
      mail (>= 2.8.0)
      rails-dom-testing (~> 2.2)
    actionpack (8.1.3)
      actionview (= 8.1.3)
      activesupport (= 8.1.3)
      nokogiri (>= 1.8.5)
      rack (>= 2.2.4)
      rack-session (>= 1.0.1)
      rack-test (>= 0.6.3)
      rails-dom-testing (~> 2.2)
      rails-html-sanitizer (~> 1.6)
      useragent (~> 0.16)
    actiontext (8.1.3)
      action_text-trix (~> 2.1.15)
      actionpack (= 8.1.3)
      activerecord (= 8.1.3)
      activestorage (= 8.1.3)
      activesupport (= 8.1.3)
      globalid (>= 0.6.0)
      nokogiri (>= 1.8.5)
    actionview (8.1.3)
      activesupport (= 8.1.3)
      builder (~> 3.1)
      erubi (~> 1.11)
      rails-dom-testing (~> 2.2)
      rails-html-sanitizer (~> 1.6)
    activejob (8.1.3)
      activesupport (= 8.1.3)
      globalid (>= 0.3.6)
    activemodel (8.1.3)
      activesupport (= 8.1.3)
    activerecord (8.1.3)
      activemodel (= 8.1.3)
      activesupport (= 8.1.3)
      timeout (>= 0.4.0)
    activestorage (8.1.3)
      actionpack (= 8.1.3)
      activejob (= 8.1.3)
      activerecord (= 8.1.3)
      activesupport (= 8.1.3)
      marcel (~> 1.0)
    activesupport (8.1.3)
      base64
      bigdecimal
      concurrent-ruby (~> 1.0, >= 1.3.1)
      connection_pool (>= 2.2.5)
      drb
      i18n (>= 1.6, < 2)
      json
      logger (>= 1.4.2)
      minitest (>= 5.1)
      securerandom (>= 0.3)
      tzinfo (~> 2.0, >= 2.0.5)
      uri (>= 0.13.1)
    addressable (2.9.0)
      public_suffix (>= 2.0.2, < 8.0)
    annotaterb (4.22.0)
      activerecord (>= 6.0.0)
      activesupport (>= 6.0.0)
    ast (2.4.3)
    base64 (0.3.0)
    benchmark (0.5.0)
    bigdecimal (4.1.2)
    bindex (0.8.1)
    bootsnap (1.24.0)
      msgpack (~> 1.2)
    brakeman (8.0.4)
      racc
    builder (3.3.0)
    bundle_update_interactive (0.13.1)
      bundler (>= 2, < 5)
      bundler-audit (>= 0.9.1)
      concurrent-ruby (>= 1.3.4)
      launchy (>= 2.5.0)
      pastel (>= 0.8.0)
      tty-prompt (>= 0.23.1)
      tty-screen (>= 0.8.2)
      zeitwerk (~> 2.6)
    bundler-audit (0.9.3)
      bundler (>= 1.2.0)
      thor (~> 1.0)
    chartkick (5.2.1)
    childprocess (5.1.0)
      logger (~> 1.5)
    concurrent-ruby (1.3.6)
    connection_pool (3.0.2)
    crack (1.0.1)
      bigdecimal
      rexml
    crass (1.0.6)
    date (3.5.1)
    debug (1.11.1)
      irb (~> 1.10)
      reline (>= 0.3.8)
    dotenv (3.2.0)
    drb (2.2.3)
    erb (6.0.4)
    erubi (1.13.1)
    factory_bot (6.5.6)
      activesupport (>= 6.1.0)
    faker (3.8.0)
      i18n (>= 1.8.11, < 2)
    globalid (1.3.0)
      activesupport (>= 6.1)
    groupdate (6.8.0)
      activesupport (>= 7.2)
    hashdiff (1.2.1)
    hightop (1.0.0)
      activesupport (>= 7.2)
    i18n (1.14.8)
      concurrent-ruby (~> 1.0)
    importmap-rails (2.2.3)
      actionpack (>= 6.0.0)
      activesupport (>= 6.0.0)
      railties (>= 6.0.0)
    io-console (0.8.2)
    irb (1.18.0)
      pp (>= 0.6.0)
      prism (>= 1.3.0)
      rdoc (>= 4.0.0)
      reline (>= 0.4.2)
    jbuilder (2.14.1)
      actionview (>= 7.0.0)
      activesupport (>= 7.0.0)
    json (2.19.4)
    language_server-protocol (3.17.0.5)
    launchy (3.1.1)
      addressable (~> 2.8)
      childprocess (~> 5.0)
      logger (~> 1.6)
    lint_roller (1.1.0)
    logger (1.7.0)
    loofah (2.25.1)
      crass (~> 1.0.2)
      nokogiri (>= 1.12.0)
    mail (2.9.0)
      logger
      mini_mime (>= 0.1.1)
      net-imap
      net-pop
      net-smtp
    marcel (1.1.0)
    memery (1.8.0)
    mini_mime (1.1.5)
    minitest (6.0.5)
      drb (~> 2.0)
      prism (~> 1.5)
    msgpack (1.8.0)
    net-imap (0.6.4)
      date
      net-protocol
    net-pop (0.1.2)
      net-protocol
    net-protocol (0.2.2)
      timeout
    net-smtp (0.5.1)
      net-protocol
    netrc (0.11.0)
    nilify_blanks (1.4.0)
      activerecord (>= 4.0.0)
      activesupport (>= 4.0.0)
    nio4r (2.7.5)
    nokogiri (1.19.2-aarch64-linux-gnu)
      racc (~> 1.4)
    nokogiri (1.19.2-aarch64-linux-musl)
      racc (~> 1.4)
    nokogiri (1.19.2-arm64-darwin)
      racc (~> 1.4)
    nokogiri (1.19.2-x86_64-darwin)
      racc (~> 1.4)
    nokogiri (1.19.2-x86_64-linux-gnu)
      racc (~> 1.4)
    nokogiri (1.19.2-x86_64-linux-musl)
      racc (~> 1.4)
    parallel (2.1.0)
    parser (3.3.11.1)
      ast (~> 2.4.1)
      racc
    pastel (0.8.0)
      tty-color (~> 0.5)
    pg (1.6.3-aarch64-linux)
    pg (1.6.3-aarch64-linux-musl)
    pg (1.6.3-arm64-darwin)
    pg (1.6.3-x86_64-darwin)
    pg (1.6.3-x86_64-linux)
    pg (1.6.3-x86_64-linux-musl)
    phlex (2.4.1)
      refract (~> 1.0)
      zeitwerk (~> 2.7)
    phlex-rails (2.4.0)
      phlex (~> 2.4.0)
      railties (>= 7.1, < 9)
      zeitwerk (~> 2.7)
    pp (0.6.3)
      prettyprint
    prettyprint (0.2.0)
    prism (1.9.0)
    propshaft (1.3.2)
      actionpack (>= 7.0.0)
      activesupport (>= 7.0.0)
      rack
    psych (5.3.1)
      date
      stringio
    public_suffix (7.0.5)
    puma (8.0.0)
      nio4r (~> 2.0)
    racc (1.8.1)
    rack (3.2.6)
    rack-attack (6.8.0)
      rack (>= 1.0, < 4)
    rack-session (2.1.2)
      base64 (>= 0.1.0)
      rack (>= 3.0.0)
    rack-test (2.2.0)
      rack (>= 1.3)
    rackup (2.3.1)
      rack (>= 3)
    rails (8.1.3)
      actioncable (= 8.1.3)
      actionmailbox (= 8.1.3)
      actionmailer (= 8.1.3)
      actionpack (= 8.1.3)
      actiontext (= 8.1.3)
      actionview (= 8.1.3)
      activejob (= 8.1.3)
      activemodel (= 8.1.3)
      activerecord (= 8.1.3)
      activestorage (= 8.1.3)
      activesupport (= 8.1.3)
      bundler (>= 1.15.0)
      railties (= 8.1.3)
    rails-dom-testing (2.3.0)
      activesupport (>= 5.0.0)
      minitest
      nokogiri (>= 1.6)
    rails-html-sanitizer (1.7.0)
      loofah (~> 2.25)
      nokogiri (>= 1.15.7, != 1.16.7, != 1.16.6, != 1.16.5, != 1.16.4, != 1.16.3, != 1.16.2, != 1.16.1, != 1.16.0.rc1, != 1.16.0)
    railties (8.1.3)
      actionpack (= 8.1.3)
      activesupport (= 8.1.3)
      irb (~> 1.13)
      rackup (>= 1.0.0)
      rake (>= 12.2)
      thor (~> 1.0, >= 1.2.2)
      tsort (>= 0.2)
      zeitwerk (~> 2.6)
    rainbow (3.1.1)
    rake (13.4.2)
    rbi (0.3.10)
      prism (~> 1.0)
      rbs (>= 4.0.1)
    rbs (4.0.2)
      logger
      prism (>= 1.6.0)
      tsort
    rdoc (7.2.0)
      erb
      psych (>= 4.0.0)
      tsort
    redis (5.4.1)
      redis-client (>= 0.22.0)
    redis-client (0.28.0)
      connection_pool
    refract (1.1.0)
      prism
      zeitwerk
    regexp_parser (2.12.0)
    reline (0.6.3)
      io-console (~> 0.5)
    require-hooks (0.3.0)
    rexml (3.4.4)
    rubocop (1.86.1)
      json (~> 2.3)
      language_server-protocol (~> 3.17.0.2)
      lint_roller (~> 1.1.0)
      parallel (>= 1.10)
      parser (>= 3.3.0.2)
      rainbow (>= 2.2.2, < 4.0)
      regexp_parser (>= 2.9.3, < 3.0)
      rubocop-ast (>= 1.49.0, < 2.0)
      ruby-progressbar (~> 1.7)
      unicode-display_width (>= 2.4.0, < 4.0)
    rubocop-ast (1.49.1)
      parser (>= 3.3.7.2)
      prism (~> 1.7)
    rubocop-capybara (2.22.1)
      lint_roller (~> 1.1)
      rubocop (~> 1.72, >= 1.72.1)
    rubocop-factory_bot (2.28.0)
      lint_roller (~> 1.1)
      rubocop (~> 1.72, >= 1.72.1)
    rubocop-minitest (0.39.1)
      lint_roller (~> 1.1)
      rubocop (>= 1.75.0, < 2.0)
      rubocop-ast (>= 1.38.0, < 2.0)
    rubocop-performance (1.26.1)
      lint_roller (~> 1.1)
      rubocop (>= 1.75.0, < 2.0)
      rubocop-ast (>= 1.47.1, < 2.0)
    rubocop-rails (2.34.3)
      activesupport (>= 4.2.0)
      lint_roller (~> 1.1)
      rack (>= 1.1)
      rubocop (>= 1.75.0, < 2.0)
      rubocop-ast (>= 1.44.0, < 2.0)
    rubocop-sorbet (0.12.0)
      lint_roller
      rubocop (>= 1.75.2)
    rubocop-thread_safety (0.7.3)
      lint_roller (~> 1.1)
      rubocop (~> 1.72, >= 1.72.1)
      rubocop-ast (>= 1.44.0, < 2.0)
    ruby-lsp (0.26.9)
      language_server-protocol (~> 3.17.0)
      prism (>= 1.2, < 2.0)
      rbs (>= 3, < 5)
    ruby-progressbar (1.13.0)
    ruby_ui (1.1.0)
    rubydex (0.1.0.beta14-aarch64-linux)
    rubydex (0.1.0.beta14-arm64-darwin)
    rubydex (0.1.0.beta14-x86_64-darwin)
    rubydex (0.1.0.beta14-x86_64-linux)
    securerandom (0.4.1)
    sentry-rails (6.5.0)
      railties (>= 5.2.0)
      sentry-ruby (~> 6.5.0)
    sentry-ruby (6.5.0)
      bigdecimal
      concurrent-ruby (~> 1.0, >= 1.0.2)
      logger
    sin_lru_redux (2.5.2)
    sorbet (0.6.13143)
      sorbet-static (= 0.6.13143)
    sorbet-result (1.4.0)
      sorbet-runtime (~> 0.5)
    sorbet-runtime (0.6.13143)
    sorbet-schema (0.9.3)
      sorbet-result (~> 1.1)
      sorbet-runtime (~> 0.5)
      sorbet-struct-comparable (~> 1.3)
      zeitwerk (~> 2.6)
    sorbet-static (0.6.13143-aarch64-linux)
    sorbet-static (0.6.13143-universal-darwin)
    sorbet-static (0.6.13143-x86_64-linux)
    sorbet-static-and-runtime (0.6.13143)
      sorbet (= 0.6.13143)
      sorbet-runtime (= 0.6.13143)
    sorbet-struct-comparable (1.3.0)
      sorbet-runtime (>= 0.5)
    spoom (1.7.13)
      erubi (>= 1.10.0)
      prism (>= 0.28.0)
      rbi (>= 0.3.3)
      rbs (>= 4.0.0.dev.5)
      rexml (>= 3.2.6)
      sorbet-static-and-runtime (>= 0.5.10187)
      thor (>= 0.19.2)
    spy (1.0.5)
    stimulus-rails (1.3.4)
      railties (>= 6.0.0)
    stringio (3.2.0)
    tailwind_merge (1.4.0)
      sin_lru_redux (~> 2.5)
    tailwindcss-rails (4.4.0)
      railties (>= 7.0.0)
      tailwindcss-ruby (~> 4.0)
    tailwindcss-ruby (4.2.2-aarch64-linux-gnu)
    tailwindcss-ruby (4.2.2-aarch64-linux-musl)
    tailwindcss-ruby (4.2.2-arm64-darwin)
    tailwindcss-ruby (4.2.2-x86_64-darwin)
    tailwindcss-ruby (4.2.2-x86_64-linux-gnu)
    tailwindcss-ruby (4.2.2-x86_64-linux-musl)
    tapioca (0.19.1)
      benchmark
      bundler (>= 2.2.25)
      netrc (>= 0.11.0)
      parallel (>= 1.21.0)
      rbi (>= 0.3.7)
      require-hooks (>= 0.2.2)
      rubydex (>= 0.1.0.beta10)
      sorbet-static-and-runtime (>= 0.6.12698)
      spoom (>= 1.7.9)
      thor (>= 1.2.0)
      tsort
    thor (1.5.0)
    thruster (0.1.20-aarch64-linux)
    thruster (0.1.20-arm64-darwin)
    thruster (0.1.20-x86_64-darwin)
    thruster (0.1.20-x86_64-linux)
    timeout (0.6.1)
    tsort (0.2.0)
    tty-color (0.6.0)
    tty-cursor (0.7.1)
    tty-prompt (0.23.1)
      pastel (~> 0.8)
      tty-reader (~> 0.8)
    tty-reader (0.9.0)
      tty-cursor (~> 0.7)
      tty-screen (~> 0.8)
      wisper (~> 2.0)
    tty-screen (0.8.2)
    turbo-rails (2.0.23)
      actionpack (>= 7.1.0)
      railties (>= 7.1.0)
    tzinfo (2.0.6)
      concurrent-ruby (~> 1.0)
    unicode-display_width (3.2.0)
      unicode-emoji (~> 4.1)
    unicode-emoji (4.2.0)
    uri (1.1.1)
    useragent (0.16.11)
    wannabe_bool (0.7.1)
    web-console (4.3.0)
      actionview (>= 8.0.0)
      bindex (>= 0.4.0)
      railties (>= 8.0.0)
    webmock (3.26.2)
      addressable (>= 2.8.0)
      crack (>= 0.3.2)
      hashdiff (>= 0.4.0, < 2.0.0)
    websocket-driver (0.8.0)
      base64
      websocket-extensions (>= 0.1.0)
    websocket-extensions (0.1.5)
    wisper (2.0.1)
    zeitwerk (2.7.5)

PLATFORMS
  aarch64-linux
  aarch64-linux-gnu
  aarch64-linux-musl
  arm64-darwin
  x86_64-darwin
  x86_64-linux
  x86_64-linux-gnu
  x86_64-linux-musl

DEPENDENCIES
  annotaterb (= 4.22.0)
  boba!
  bootsnap (= 1.24.0)
  brakeman (= 8.0.4)
  bundle_update_interactive (= 0.13.1)
  bundler-audit (= 0.9.3)
  chartkick (= 5.2.1)
  debug (= 1.11.1)
  dotenv (= 3.2.0)
  factory_bot (= 6.5.6)
  faker (= 3.8.0)
  groupdate (= 6.8.0)
  hightop (= 1.0.0)
  importmap-rails (= 2.2.3)
  jbuilder (= 2.14.1)
  memery (= 1.8.0)
  minitest (= 6.0.5)
  nilify_blanks (= 1.4.0)
  operandi!
  pg (= 1.6.3)
  phlex-rails (= 2.4.0)
  phlex-sorbet!
  propshaft (= 1.3.2)
  puma (= 8.0.0)
  rack-attack (= 6.8.0)
  rails (= 8.1.3)
  redis (= 5.4.1)
  rubocop (= 1.86.1)
  rubocop-capybara (= 2.22.1)
  rubocop-factory_bot (= 2.28.0)
  rubocop-minitest (= 0.39.1)
  rubocop-performance (= 1.26.1)
  rubocop-rails (= 2.34.3)
  rubocop-sane!
  rubocop-sorbet (= 0.12.0)
  rubocop-thread_safety (= 0.7.3)
  ruby-lsp (= 0.26.9)
  ruby_ui (= 1.1.0)
  sentry-rails (= 6.5.0)
  sentry-ruby (= 6.5.0)
  sorbet-schema (= 0.9.3)
  sorbet-static-and-runtime (= 0.6.13143)
  spy (= 1.0.5)
  stimulus-rails (= 1.3.4)
  tailwind_merge (= 1.4.0)
  tailwindcss-rails (= 4.4.0)
  tapioca (= 0.19.1)
  thruster (= 0.1.20)
  turbo-rails (= 2.0.23)
  wannabe_bool (= 0.7.1)
  web-console (= 4.3.0)
  webmock (= 3.26.2)

CHECKSUMS
  action_text-trix (2.1.18) sha256=3fdb83f8bff4145d098be283cdd47ac41caf5110bfa6df4695ed7127d7fb3642
  actioncable (8.1.3) sha256=e5bc7f75e44e6a22de29c4f43176927c3a9ce4824464b74ed18d8226e75a80f0
  actionmailbox (8.1.3) sha256=df7da474eaa0e70df4ed5a6fef66eb3b3b0f2dbf7f14518deee8d77f1b4aae59
  actionmailer (8.1.3) sha256=831f724891bb70d0aaa4d76581a6321124b6a752cb655c9346aae5479318448d
  actionpack (8.1.3) sha256=af998cae4d47c5d581a2cc363b5c77eb718b7c4b45748d81b1887b25621c29a3
  actiontext (8.1.3) sha256=d291019c00e1ea9e6463011fa214f6081a56d7b9a1d224e7d3f6384c1dafc7d2
  actionview (8.1.3) sha256=1347c88c7f3edb38100c5ce0e9fb5e62d7755f3edc1b61cce2eb0b2c6ea2fd5d
  activejob (8.1.3) sha256=a149b1766aa8204c3c3da7309e4becd40fcd5529c348cffbf6c9b16b565fe8d3
  activemodel (8.1.3) sha256=90c05cbe4cef3649b8f79f13016191ea94c4525ce4a5c0fb7ef909c4b91c8219
  activerecord (8.1.3) sha256=8003be7b2466ba0a2a670e603eeb0a61dd66058fccecfc49901e775260ac70ab
  activestorage (8.1.3) sha256=0564ce9309143951a67615e1bb4e090ee54b8befed417133cae614479b46384d
  activesupport (8.1.3) sha256=21a5e0dfbd4c3ddd9e1317ec6a4d782fa226e7867dc70b0743acda81a1dca20e
  addressable (2.9.0) sha256=7fdf6ac3660f7f4e867a0838be3f6cf722ace541dd97767fa42bc6cfa980c7af
  annotaterb (4.22.0) sha256=66fc40e5f48d5b82ae82013da1e5b43aaaad41ee9bd3d0cf803048efc0a70286
  ast (2.4.3) sha256=954615157c1d6a382bc27d690d973195e79db7f55e9765ac7c481c60bdb4d383
  base64 (0.3.0) sha256=27337aeabad6ffae05c265c450490628ef3ebd4b67be58257393227588f5a97b
  benchmark (0.5.0) sha256=465df122341aedcb81a2a24b4d3bd19b6c67c1530713fd533f3ff034e419236c
  bigdecimal (4.1.2) sha256=53d217666027eab4280346fba98e7d5b66baaae1b9c3c1c0ffe89d48188a3fbd
  bindex (0.8.1) sha256=7b1ecc9dc539ed8bccfc8cb4d2732046227b09d6f37582ff12e50a5047ceb17e
  boba (0.1.6)
  bootsnap (1.24.0) sha256=34e6dea61ff4895101aa9c10894ce30186bec73fe2279e0eb52040d8d4cec297
  brakeman (8.0.4) sha256=7bf921fa9638544835df9aa7b3e720a9a72c0267f34f92135955edd80d4dcf6f
  builder (3.3.0) sha256=497918d2f9dca528fdca4b88d84e4ef4387256d984b8154e9d5d3fe5a9c8835f
  bundle_update_interactive (0.13.1) sha256=726d199e99ee2410ddc8387e20778b87619abc33f0fd31d25683873bfbf389ca
  bundler-audit (0.9.3) sha256=81c8766c71e47d0d28a0f98c7eed028539f21a6ea3cd8f685eb6f42333c9b4e9
  chartkick (5.2.1) sha256=2848d7de87189f30f28d077eb0bbdebc8a1f0f6f81de1ded95008fe564369949
  childprocess (5.1.0) sha256=9a8d484be2fd4096a0e90a0cd3e449a05bc3aa33f8ac9e4d6dcef6ac1455b6ec
  concurrent-ruby (1.3.6) sha256=6b56837e1e7e5292f9864f34b69c5a2cbc75c0cf5338f1ce9903d10fa762d5ab
  connection_pool (3.0.2) sha256=33fff5ba71a12d2aa26cb72b1db8bba2a1a01823559fb01d29eb74c286e62e0a
  crack (1.0.1) sha256=ff4a10390cd31d66440b7524eb1841874db86201d5b70032028553130b6d4c7e
  crass (1.0.6) sha256=dc516022a56e7b3b156099abc81b6d2b08ea1ed12676ac7a5657617f012bd45d
  date (3.5.1) sha256=750d06384d7b9c15d562c76291407d89e368dda4d4fff957eb94962d325a0dc0
  debug (1.11.1) sha256=2e0b0ac6119f2207a6f8ac7d4a73ca8eb4e440f64da0a3136c30343146e952b6
  dotenv (3.2.0) sha256=e375b83121ea7ca4ce20f214740076129ab8514cd81378161f11c03853fe619d
  drb (2.2.3) sha256=0b00d6fdb50995fe4a45dea13663493c841112e4068656854646f418fda13373
  erb (6.0.4) sha256=38e3803694be357fe2bfe312487c74beaf9fb4e5beb3e22498952fe1645b95d9
  erubi (1.13.1) sha256=a082103b0885dbc5ecf1172fede897f9ebdb745a4b97a5e8dc63953db1ee4ad9
  factory_bot (6.5.6) sha256=12beb373214dccc086a7a63763d6718c49769d5606f0501e0a4442676917e077
  faker (3.8.0) sha256=c147b308df73a90f27a4fc84f18d4c22ef0ad9c2a64b2b61c86fd0ca71753efc
  globalid (1.3.0) sha256=05c639ad6eb4594522a0b07983022f04aa7254626ab69445a0e493aa3786ff11
  groupdate (6.8.0) sha256=16f90ea18ca981c38e41e592416480b28353aa5e5cc3e7cb13a68b8fb5d40510
  hashdiff (1.2.1) sha256=9c079dbc513dfc8833ab59c0c2d8f230fa28499cc5efb4b8dd276cf931457cd1
  hightop (1.0.0) sha256=df4da6855e90dc641217fd4654aadef51751cba5041073737f152be17927e4c8
  i18n (1.14.8) sha256=285778639134865c5e0f6269e0b818256017e8cde89993fdfcbfb64d088824a5
  importmap-rails (2.2.3) sha256=7101be2a4dc97cf1558fb8f573a718404c5f6bcfe94f304bf1f39e444feeb16a
  io-console (0.8.2) sha256=d6e3ae7a7cc7574f4b8893b4fca2162e57a825b223a177b7afa236c5ef9814cc
  irb (1.18.0) sha256=de9454a0703a54704b9811a5ef31a60c86949fbf4013fcf244fabc7c775248e3
  jbuilder (2.14.1) sha256=4eb26376ff60ef100cb4fd6fd7533cd271f9998327e86adf20fd8c0e69fabb42
  json (2.19.4) sha256=670a7d333fb3b18ca5b29cb255eb7bef099e40d88c02c80bd42a3f30fe5239ac
  language_server-protocol (3.17.0.5) sha256=fd1e39a51a28bf3eec959379985a72e296e9f9acfce46f6a79d31ca8760803cc
  launchy (3.1.1) sha256=72b847b5cc961589dde2c395af0108c86ff0119f42d4648d25b5440ebb10059e
  lint_roller (1.1.0) sha256=2c0c845b632a7d172cb849cc90c1bce937a28c5c8ccccb50dfd46a485003cc87
  logger (1.7.0) sha256=196edec7cc44b66cfb40f9755ce11b392f21f7967696af15d274dde7edff0203
  loofah (2.25.1) sha256=d436c73dbd0c1147b16c4a41db097942d217303e1f7728704b37e4df9f6d2e04
  mail (2.9.0) sha256=6fa6673ecd71c60c2d996260f9ee3dd387d4673b8169b502134659ece6d34941
  marcel (1.1.0) sha256=fdcfcfa33cc52e93c4308d40e4090a5d4ea279e160a7f6af988260fa970e0bee
  memery (1.8.0) sha256=5165e8b1128a717059a2fa2364e064156162cab3a36a425ff89491211929b636
  mini_mime (1.1.5) sha256=8681b7e2e4215f2a159f9400b5816d85e9d8c6c6b491e96a12797e798f8bccef
  minitest (6.0.5) sha256=f007d7246bf4feea549502842cd7c6aba8851cdc9c90ba06de9c476c0d01155c
  msgpack (1.8.0) sha256=e64ce0212000d016809f5048b48eb3a65ffb169db22238fb4b72472fecb2d732
  net-imap (0.6.4) sha256=9a5598c67a3022c284d98430ef1d4948e7dbdb62596f61081ea8ca933270a02b
  net-pop (0.1.2) sha256=848b4e982013c15b2f0382792268763b748cce91c9e91e36b0f27ed26420dff3
  net-protocol (0.2.2) sha256=aa73e0cba6a125369de9837b8d8ef82a61849360eba0521900e2c3713aa162a8
  net-smtp (0.5.1) sha256=ed96a0af63c524fceb4b29b0d352195c30d82dd916a42f03c62a3a70e5b70736
  netrc (0.11.0) sha256=de1ce33da8c99ab1d97871726cba75151113f117146becbe45aa85cb3dabee3f
  nilify_blanks (1.4.0) sha256=4738c97006d79f6de7f3aa19a6209934ef8304cd3debfe500b19462c0946b6fa
  nio4r (2.7.5) sha256=6c90168e48fb5f8e768419c93abb94ba2b892a1d0602cb06eef16d8b7df1dca1
  nokogiri (1.19.2-aarch64-linux-gnu) sha256=c34d5c8208025587554608e98fd88ab125b29c80f9352b821964e9a5d5cfbd19
  nokogiri (1.19.2-aarch64-linux-musl) sha256=7f6b4b0202d507326841a4f790294bf75098aef50c7173443812e3ac5cb06515
  nokogiri (1.19.2-arm64-darwin) sha256=58d8ea2e31a967b843b70487a44c14c8ba1866daa1b9da9be9dbdf1b43dee205
  nokogiri (1.19.2-x86_64-darwin) sha256=7d9af11fda72dfaa2961d8c4d5380ca0b51bc389dc5f8d4b859b9644f195e7a4
  nokogiri (1.19.2-x86_64-linux-gnu) sha256=fa8feca882b73e871a9845f3817a72e9734c8e974bdc4fbad6e4bc6e8076b94f
  nokogiri (1.19.2-x86_64-linux-musl) sha256=93128448e61a9383a30baef041bf1f5817e22f297a1d400521e90294445069a8
  operandi (4.0.0)
  parallel (2.1.0) sha256=b35258865c2e31134c5ecb708beaaf6772adf9d5efae28e93e99260877b09356
  parser (3.3.11.1) sha256=d17ace7aabe3e72c3cc94043714be27cc6f852f104d81aa284c2281aecc65d54
  pastel (0.8.0) sha256=481da9fb7d2f6e6b1a08faf11fa10363172dc40fd47848f096ae21209f805a75
  pg (1.6.3-aarch64-linux) sha256=0698ad563e02383c27510b76bf7d4cd2de19cd1d16a5013f375dd473e4be72ea
  pg (1.6.3-aarch64-linux-musl) sha256=06a75f4ea04b05140146f2a10550b8e0d9f006a79cdaf8b5b130cde40e3ecc2c
  pg (1.6.3-arm64-darwin) sha256=7240330b572e6355d7c75a7de535edb5dfcbd6295d9c7777df4d9dddfb8c0e5f
  pg (1.6.3-x86_64-darwin) sha256=ee2e04a17c0627225054ffeb43e31a95be9d7e93abda2737ea3ce4a62f2729d6
  pg (1.6.3-x86_64-linux) sha256=5d9e188c8f7a0295d162b7b88a768d8452a899977d44f3274d1946d67920ae8d
  pg (1.6.3-x86_64-linux-musl) sha256=9c9c90d98c72f78eb04c0f55e9618fe55d1512128e411035fe229ff427864009
  phlex (2.4.1) sha256=e596717fbfe38b5271840266758779ebe75092e02629f0c170287e6290a70b12
  phlex-rails (2.4.0) sha256=2bcddbd488681acb25753bab1887d3ac150e644244ff8ba307f2171a4d0195f5
  phlex-sorbet (0.2.0)
  pp (0.6.3) sha256=2951d514450b93ccfeb1df7d021cae0da16e0a7f95ee1e2273719669d0ab9df6
  prettyprint (0.2.0) sha256=2bc9e15581a94742064a3cc8b0fb9d45aae3d03a1baa6ef80922627a0766f193
  prism (1.9.0) sha256=7b530c6a9f92c24300014919c9dcbc055bf4cdf51ec30aed099b06cd6674ef85
  propshaft (1.3.2) sha256=1d56a3e56a92c21bfc29caf07406b5386b00d4c47ddf357cf989a5a234b1389e
  psych (5.3.1) sha256=eb7a57cef10c9d70173ff74e739d843ac3b2c019a003de48447b2963d81b1974
  public_suffix (7.0.5) sha256=1a8bb08f1bbea19228d3bed6e5ed908d1cb4f7c2726d18bd9cadf60bc676f623
  puma (8.0.0) sha256=1681050b8b60fab1d3033255ab58b6aec64cd063e43fc6f8204bcb8bf9364b88
  racc (1.8.1) sha256=4a7f6929691dbec8b5209a0b373bc2614882b55fc5d2e447a21aaa691303d62f
  rack (3.2.6) sha256=5ed78e1f73b2e25679bec7d45ee2d4483cc4146eb1be0264fc4d94cb5ef212c2
  rack-attack (6.8.0) sha256=f2499fdebf85bcc05573a22dff57d24305ac14ec2e4156cd3c28d47cafeeecf2
  rack-session (2.1.2) sha256=595434f8c0c3473ae7d7ac56ecda6cc6dfd9d37c0b2b5255330aa1576967ffe8
  rack-test (2.2.0) sha256=005a36692c306ac0b4a9350355ee080fd09ddef1148a5f8b2ac636c720f5c463
  rackup (2.3.1) sha256=6c79c26753778e90983761d677a48937ee3192b3ffef6bc963c0950f94688868
  rails (8.1.3) sha256=6d017ba5348c98fc909753a8169b21d44de14d2a0b92d140d1a966834c3c9cd3
  rails-dom-testing (2.3.0) sha256=8acc7953a7b911ca44588bf08737bc16719f431a1cc3091a292bca7317925c1d
  rails-html-sanitizer (1.7.0) sha256=28b145cceaf9cc214a9874feaa183c3acba036c9592b19886e0e45efc62b1e89
  railties (8.1.3) sha256=913eb0e0cb520aac687ffd74916bd726d48fa21f47833c6292576ef6a286de22
  rainbow (3.1.1) sha256=039491aa3a89f42efa1d6dec2fc4e62ede96eb6acd95e52f1ad581182b79bc6a
  rake (13.4.2) sha256=cb825b2bd5f1f8e91ca37bddb4b9aaf345551b4731da62949be002fa89283701
  rbi (0.3.10) sha256=a4fd8e7786845ffd6533c512da2bda8722ce8565071ee4ad489b403f77c61d2b
  rbs (4.0.2) sha256=af75671e66cd03434cc546622741ebf83f6197ec4328375805306330bf78ef25
  rdoc (7.2.0) sha256=8650f76cd4009c3b54955eb5d7e3a075c60a57276766ebf36f9085e8c9f23192
  redis (5.4.1) sha256=b5e675b57ad22b15c9bcc765d5ac26f60b675408af916d31527af9bd5a81faae
  redis-client (0.28.0) sha256=888892f9cd8787a41c0ece00bdf5f556dfff7770326ce40bb2bc11f1bfec824b
  refract (1.1.0) sha256=ee3b9627e39f7692831101e2fedd73e0d09a592ff5d5c05f171d14211fc7a9c7
  regexp_parser (2.12.0) sha256=35a916a1d63190ab5c9009457136ae5f3c0c7512d60291d0d1378ba18ce08ebb
  reline (0.6.3) sha256=1198b04973565b36ec0f11542ab3f5cfeeec34823f4e54cebde90968092b1835
  require-hooks (0.3.0) sha256=af049b153a4d32ad7beadf085b8fe8943662e88c7bbabc589214fccda2f2e629
  rexml (3.4.4) sha256=19e0a2c3425dfbf2d4fc1189747bdb2f849b6c5e74180401b15734bc97b5d142
  rubocop (1.86.1) sha256=44415f3f01d01a21e01132248d2fd0867572475b566ca188a0a42133a08d4531
  rubocop-ast (1.49.1) sha256=4412f3ee70f6fe4546cc489548e0f6fcf76cafcfa80fa03af67098ffed755035
  rubocop-capybara (2.22.1) sha256=ced88caef23efea53f46e098ff352f8fc1068c649606ca75cb74650970f51c0c
  rubocop-factory_bot (2.28.0) sha256=4b17fc02124444173317e131759d195b0d762844a71a29fe8139c1105d92f0cb
  rubocop-minitest (0.39.1) sha256=998398d6da4026d297f0f9bf709a1eac5f2b6947c24431f94af08138510cf7ed
  rubocop-performance (1.26.1) sha256=cd19b936ff196df85829d264b522fd4f98b6c89ad271fa52744a8c11b8f71834
  rubocop-rails (2.34.3) sha256=10d37989024865ecda8199f311f3faca990143fbac967de943f88aca11eb9ad2
  rubocop-sane (1.0.0)
  rubocop-sorbet (0.12.0) sha256=195521e132500555819313df5accaaf56bf721a63de3e5b7b1d0b25f696b1f39
  rubocop-thread_safety (0.7.3) sha256=067cdd52fbf5deffc18995437e45b5194236eaff4f71de3375a1f6052e48f431
  ruby-lsp (0.26.9) sha256=33a01c001c00a76b4e821efc04ed7572983430f31ca5d6f3e343d0b6ccab4129
  ruby-progressbar (1.13.0) sha256=80fc9c47a9b640d6834e0dc7b3c94c9df37f08cb072b7761e4a71e22cff29b33
  ruby_ui (1.1.0) sha256=03dc432da466d3b9dc30d3efa7bb47f7a6363cf5368dfe57518cec32c553f7b8
  rubydex (0.1.0.beta14-aarch64-linux) sha256=b1ae8a12e0b66c0d80cc4ed461fcad511784ad8b07f458d886940029af8e314f
  rubydex (0.1.0.beta14-arm64-darwin) sha256=90c3f5236e93df565055abbac97aba8c54cc600de9be623780709b3376f2fb74
  rubydex (0.1.0.beta14-x86_64-darwin) sha256=7cbd1b36754c5ee99f0acceddcd2305e70d13c10471f7d4e6c20e96735dfa0df
  rubydex (0.1.0.beta14-x86_64-linux) sha256=962fc66594919dd1332c6f8831e15fa1f094e67cca85c9910d2dbe4fb1b8cc5a
  securerandom (0.4.1) sha256=cc5193d414a4341b6e225f0cb4446aceca8e50d5e1888743fac16987638ea0b1
  sentry-rails (6.5.0) sha256=ebf9d4d82c740c3e0e4a0840f11f7bbd0cf648a30afd9c67e5b50bb07018a0e4
  sentry-ruby (6.5.0) sha256=3c57ae0d6a017aafcd9ac37114e38149a58534679dec5d4e9e8fc010b85f3a6b
  sin_lru_redux (2.5.2) sha256=feed104c943afaeeecb1ad83f3f63562088b9785a816625c32b2305eccbd9963
  sorbet (0.6.13143) sha256=a4240541394f65701c02c2c71b8944321d1e7ecf06dfd49ac82eedc8a52785c4
  sorbet-result (1.4.0) sha256=194eededbcb78cf04ee2db8bd3b19e76f305dc043062ed90c56b4b9eac268ccd
  sorbet-runtime (0.6.13143) sha256=430d637c924c0f29159b92760d61c2774ae305760793c693156766b111292653
  sorbet-schema (0.9.3) sha256=ef87356e82c9dff6671e11372a0515f736504e81b2d9753e01c3b79d2530a84b
  sorbet-static (0.6.13143-aarch64-linux) sha256=b10ec2282ca456488224932d506a4b8d3c3ace7a42b6517bd131ad4bd5f14d4b
  sorbet-static (0.6.13143-universal-darwin) sha256=925865484e4e65cf4fb50f563b82496426f4c50c5991edaaa0717f4b7d02ac02
  sorbet-static (0.6.13143-x86_64-linux) sha256=3b8bfbca08ef5681fe65d0840b892cdb9f69e046c5225a7a7755d6c15eb3f43e
  sorbet-static-and-runtime (0.6.13143) sha256=e935ae76a74f75ff208e9b2217fb6cf747e8939250bdd468ae7cac52259b155b
  sorbet-struct-comparable (1.3.0) sha256=337aff31c4eda80554485f9a30201067bf54fcd76bd992494a0d8c32fb04036b
  spoom (1.7.13) sha256=f82178f8a5db8ddf45fcd0d8cb4436e1969cd8f57abe4fc1d8d06ed083588454
  spy (1.0.5) sha256=babd137834e09fb5e58b8d8bc777649052bc376d9618a4cb34a29e8091aa553c
  stimulus-rails (1.3.4) sha256=765676ffa1f33af64ce026d26b48e8ffb2e0b94e0f50e9119e11d6107d67cb06
  stringio (3.2.0) sha256=c37cb2e58b4ffbd33fe5cd948c05934af997b36e0b6ca6fdf43afa234cf222e1
  tailwind_merge (1.4.0) sha256=58009e3f4410dcb7ea6156e15b875e405f0e428f961cda5ee19359fe037933da
  tailwindcss-rails (4.4.0) sha256=efa2961351a52acebe616e645a81a30bb4f27fde46cc06ce7688d1cd1131e916
  tailwindcss-ruby (4.2.2-aarch64-linux-gnu) sha256=8656621046bb54c9c368cd1d2f03f7bfaf6046a4fe7060c574b9958043f1deeb
  tailwindcss-ruby (4.2.2-aarch64-linux-musl) sha256=3dbaa653a5e9cddbb6bc73598a566d7172a91724463000cd594624dfe5b0eaec
  tailwindcss-ruby (4.2.2-arm64-darwin) sha256=2d66feba0c1ffca5b79246bd881bfb9a6b2298d57c4bc83ee3a8c3233df79d41
  tailwindcss-ruby (4.2.2-x86_64-darwin) sha256=819b4c512763b52c7d47a60c4089e4b357ff8baad1e619984614f8d14d90dc46
  tailwindcss-ruby (4.2.2-x86_64-linux-gnu) sha256=7f5e7cdd697ff25600d684cedb4df4a56736633c231ee03c7148992c62fd228f
  tailwindcss-ruby (4.2.2-x86_64-linux-musl) sha256=676b802dafc677983d471f3acf2dddbddea4e978ea0300bfa21ebd6ab167d6a8
  tapioca (0.19.1) sha256=5de94d458950897ffe3d4e86a21eec48bb6a8775af85f80b1486b7ae7ba51823
  thor (1.5.0) sha256=e3a9e55fe857e44859ce104a84675ab6e8cd59c650a49106a05f55f136425e73
  thruster (0.1.20-aarch64-linux) sha256=754f1701061235235165dde31e7a3bc87ec88066a02981ff4241fcda0d76d397
  thruster (0.1.20-arm64-darwin) sha256=630cf8c273f562063b92ea5ccd7a721d7ba6130cc422c823727f4744f6d0770e
  thruster (0.1.20-x86_64-darwin) sha256=4cc245f3ea2ad238b518ae3934048eade6cc2543bdcfef91a7f95f8194306432
  thruster (0.1.20-x86_64-linux) sha256=d579f252bf67aee6ba6d957e48f566b72e019d7657ba2f267a5db1e4d91d2479
  timeout (0.6.1) sha256=78f57368a7e7bbadec56971f78a3f5ecbcfb59b7fcbb0a3ed6ddc08a5094accb
  tsort (0.2.0) sha256=9650a793f6859a43b6641671278f79cfead60ac714148aabe4e3f0060480089f
  tty-color (0.6.0) sha256=6f9c37ca3a4e2367fb2e6d09722762647d6f455c111f05b59f35730eeb24332a
  tty-cursor (0.7.1) sha256=79534185e6a777888d88628b14b6a1fdf5154a603f285f80b1753e1908e0bf48
  tty-prompt (0.23.1) sha256=fcdbce905238993f27eecfdf67597a636bc839d92192f6a0eef22b8166449ec8
  tty-reader (0.9.0) sha256=c62972c985c0b1566f0e56743b6a7882f979d3dc32ff491ed490a076f899c2b1
  tty-screen (0.8.2) sha256=c090652115beae764336c28802d633f204fb84da93c6a968aa5d8e319e819b50
  turbo-rails (2.0.23) sha256=ee0d90733aafff056cf51ff11e803d65e43cae258cc55f6492020ec1f9f9315f
  tzinfo (2.0.6) sha256=8daf828cc77bcf7d63b0e3bdb6caa47e2272dcfaf4fbfe46f8c3a9df087a829b
  unicode-display_width (3.2.0) sha256=0cdd96b5681a5949cdbc2c55e7b420facae74c4aaf9a9815eee1087cb1853c42
  unicode-emoji (4.2.0) sha256=519e69150f75652e40bf736106cfbc8f0f73aa3fb6a65afe62fefa7f80b0f80f
  uri (1.1.1) sha256=379fa58d27ffb1387eaada68c749d1426738bd0f654d812fcc07e7568f5c57c6
  useragent (0.16.11) sha256=700e6413ad4bb954bb63547fa098dddf7b0ebe75b40cc6f93b8d54255b173844
  wannabe_bool (0.7.1) sha256=838ef671066868424de888fb22eeae57c7012709aabd5d17141ea6fea964c61f
  web-console (4.3.0) sha256=e13b71301cdfc2093f155b5aa3a622db80b4672d1f2f713119cc7ec7ac6a6da4
  webmock (3.26.2) sha256=774556f2ea6371846cca68c01769b2eac0d134492d21f6d0ab5dd643965a4c90
  websocket-driver (0.8.0) sha256=ed0dba4b943c22f17f9a734817e808bc84cdce6a7e22045f5315aa57676d4962
  websocket-extensions (0.1.5) sha256=1c6ba63092cda343eb53fc657110c71c754c56484aad42578495227d717a8241
  wisper (2.0.1) sha256=ce17bc5c3a166f241a2e6613848b025c8146fce2defba505920c1d1f3f88fae6
  zeitwerk (2.7.5) sha256=d8da92128c09ea6ec62c949011b00ed4a20242b255293dd66bf41545398f73dd

BUNDLED WITH
  4.0.10
